// !$*UTF8*$!
{
	archiveVersion = 1;
	classes = {
	};
	objectVersion = 50;
	objects = {

/* Begin PBXBuildFile section */
		7F083E40212781BC003118EE /* main.m in Sources */ = {isa = PBXBuildFile; fileRef = 7F083E3F212781BC003118EE /* main.m */; };
		7F083E48212781F3003118EE /* Contact.m in Sources */ = {isa = PBXBuildFile; fileRef = 7F083E47212781F3003118EE /* Contact.m */; };
		7F083E4B212781FF003118EE /* ContactList.m in Sources */ = {isa = PBXBuildFile; fileRef = 7F083E4A212781FF003118EE /* ContactList.m */; };
		7F083E4E2127820C003118EE /* InputCollector.m in Sources */ = {isa = PBXBuildFile; fileRef = 7F083E4D2127820C003118EE /* InputCollector.m */; };
		7F083E5121294090003118EE /* Phone.m in Sources */ = {isa = PBXBuildFile; fileRef = 7F083E5021294090003118EE /* Phone.m */; };
/* End PBXBuildFile section */

/* Begin PBXCopyFilesBuildPhase section */
		7F083E3A212781BC003118EE /* CopyFiles */ = {
			isa = PBXCopyFilesBuildPhase;
			buildActionMask = 2147483647;
			dstPath = /usr/share/man/man1/;
			dstSubfolderSpec = 0;
			files = (
			);
			runOnlyForDeploymentPostprocessing = 1;
		};
/* End PBXCopyFilesBuildPhase section */

/* Begin PBXFileReference section */
		7F083E3C212781BC003118EE /* ContactListManager */ = {isa = PBXFileReference; explicitFileType = "compiled.mach-o.executable"; includeInIndex = 0; path = ContactListManager; sourceTree = BUILT_PRODUCTS_DIR; };
		7F083E3F212781BC003118EE /* main.m */ = {isa = PBXFileReference; lastKnownFileType = sourcecode.c.objc; path = main.m; sourceTree = "<group>"; };
		7F083E46212781F3003118EE /* Contact.h */ = {isa = PBXFileReference; lastKnownFileType = sourcecode.c.h; path = Contact.h; sourceTree = "<group>"; };
		7F083E47212781F3003118EE /* Contact.m */ = {isa = PBXFileReference; lastKnownFileType = sourcecode.c.objc; path = Contact.m; sourceTree = "<group>"; };
		7F083E49212781FF003118EE /* ContactList.h */ = {isa = PBXFileReference; lastKnownFileType = sourcecode.c.h; path = ContactList.h; sourceTree = "<group>"; };
		7F083E4A212781FF003118EE /* ContactList.m */ = {isa = PBXFileReference; lastKnownFileType = sourcecode.c.objc; path = ContactList.m; sourceTree = "<group>"; };
		7F083E4C2127820C003118EE /* InputCollector.h */ = {isa = PBXFileReference; lastKnownFileType = sourcecode.c.h; path = InputCollector.h; sourceTree = "<group>"; };
		7F083E4D2127820C003118EE /* InputCollector.m */ = {isa = PBXFileReference; lastKnownFileType = sourcecode.c.objc; path = InputCollector.m; sourceTree = "<group>"; };
		7F083E4F21294090003118EE /* Phone.h */ = {isa = PBXFileReference; lastKnownFileType = sourcecode.c.h; path = Phone.h; sourceTree = "<group>"; };
		7F083E5021294090003118EE /* Phone.m */ = {isa = PBXFileReference; lastKnownFileType = sourcecode.c.objc; path = Phone.m; sourceTree = "<group>"; };
/* End PBXFileReference section */

/* Begin PBXFrameworksBuildPhase section */
		7F083E39212781BC003118EE /* Frameworks */ = {
			isa = PBXFrameworksBuildPhase;
			buildActionMask = 2147483647;
			files = (
			);
			runOnlyForDeploymentPostprocessing = 0;
		};
/* End PBXFrameworksBuildPhase section */

/* Begin PBXGroup section */
		7F083E33212781BC003118EE = {
			isa = PBXGroup;
			children = (
				7F083E3E212781BC003118EE /* ContactListManager */,
				7F083E3D212781BC003118EE /* Products */,
			);
			sourceTree = "<group>";
		};
		7F083E3D212781BC003118EE /* Products */ = {
			isa = PBXGroup;
			children = (
				7F083E3C212781BC003118EE /* ContactListManager */,
			);
			name = Products;
			sourceTree = "<group>";
		};
		7F083E3E212781BC003118EE /* ContactListManager */ = {
			isa = PBXGroup;
			children = (
				7F083E3F212781BC003118EE /* main.m */,
				7F083E4F21294090003118EE /* Phone.h */,
				7F083E5021294090003118EE /* Phone.m */,
				7F083E46212781F3003118EE /* Contact.h */,
				7F083E47212781F3003118EE /* Contact.m */,
				7F083E49212781FF003118EE /* ContactList.h */,
				7F083E4A212781FF003118EE /* ContactList.m */,
				7F083E4C2127820C003118EE /* InputCollector.h */,
				7F083E4D2127820C003118EE /* InputCollector.m */,
			);
			path = ContactListManager;
			sourceTree = "<group>";
		};
/* End PBXGroup section */

/* Begin PBXNativeTarget section */
		7F083E3B212781BC003118EE /* ContactListManager */ = {
			isa = PBXNativeTarget;
			buildConfigurationList = 7F083E43212781BC003118EE /* Build configuration list for PBXNativeTarget "ContactListManager" */;
			buildPhases = (
				7F083E38212781BC003118EE /* Sources */,
				7F083E39212781BC003118EE /* Frameworks */,
				7F083E3A212781BC003118EE /* CopyFiles */,
			);
			buildRules = (
			);
			dependencies = (
			);
			name = ContactListManager;
			productName = ContactListManager;
			productReference = 7F083E3C212781BC003118EE /* ContactListManager */;
			productType = "com.apple.product-type.tool";
		};
/* End PBXNativeTarget section */

/* Begin PBXProject section */
		7F083E34212781BC003118EE /* Project object */ = {
			isa = PBXProject;
			attributes = {
				LastUpgradeCheck = 0940;
				ORGANIZATIONNAME = "hunkar lule";
				TargetAttributes = {
					7F083E3B212781BC003118EE = {
						CreatedOnToolsVersion = 9.4.1;
					};
				};
			};
			buildConfigurationList = 7F083E37212781BC003118EE /* Build configuration list for PBXProject "ContactListManager" */;
			compatibilityVersion = "Xcode 9.3";
			developmentRegion = en;
			hasScannedForEncodings = 0;
			knownRegions = (
				en,
			);
			mainGroup = 7F083E33212781BC003118EE;
			productRefGroup = 7F083E3D212781BC003118EE /* Products */;
			projectDirPath = "";
			projectRoot = "";
			targets = (
				7F083E3B212781BC003118EE /* ContactListManager */,
			);
		};
/* End PBXProject section */

/* Begin PBXSourcesBuildPhase section */
		7F083E38212781BC003118EE /* Sources */ = {
			isa = PBXSourcesBuildPhase;
			buildActionMask = 2147483647;
			files = (
				7F083E4B212781FF003118EE /* ContactList.m in Sources */,
				7F083E5121294090003118EE /* Phone.m in Sources */,
				7F083E48212781F3003118EE /* Contact.m in Sources */,
				7F083E4E2127820C003118EE /* InputCollector.m in Sources */,
				7F083E40212781BC003118EE /* main.m in Sources */,
			);
			runOnlyForDeploymentPostprocessing = 0;
		};
/* End PBXSourcesBuildPhase section */

/* Begin XCBuildConfiguration section */
		7F083E41212781BC003118EE /* Debug */ = {
			isa = XCBuildConfiguration;
			buildSettings = {
				ALWAYS_SEARCH_USER_PATHS = NO;
				CLANG_ANALYZER_NONNULL = YES;
				CLANG_ANALYZER_NUMBER_OBJECT_CONVERSION = YES_AGGRESSIVE;
				CLANG_CXX_LANGUAGE_STANDARD = "gnu++14";
				CLANG_CXX_LIBRARY = "libc++";
				CLANG_ENABLE_MODULES = YES;
				CLANG_ENABLE_OBJC_ARC = YES;
				CLANG_ENABLE_OBJC_WEAK = YES;
				CLANG_WARN_BLOCK_CAPTURE_AUTORELEASING = YES;
				CLANG_WARN_BOOL_CONVERSION = YES;
				CLANG_WARN_COMMA = YES;
				CLANG_WARN_CONSTANT_CONVERSION = YES;
				CLANG_WARN_DEPRECATED_OBJC_IMPLEMENTATIONS = YES;
				CLANG_WARN_DIRECT_OBJC_ISA_USAGE = YES_ERROR;
				CLANG_WARN_DOCUMENTATION_COMMENTS = YES;
				CLANG_WARN_EMPTY_BODY = YES;
				CLANG_WARN_ENUM_CONVERSION = YES;
				CLANG_WARN_INFINITE_RECURSION = YES;
				CLANG_WARN_INT_CONVERSION = YES;
				CLANG_WARN_NON_LITERAL_NULL_CONVERSION = YES;
				CLANG_WARN_OBJC_IMPLICIT_RETAIN_SELF = YES;
				CLANG_WARN_OBJC_LITERAL_CONVERSION = YES;
				CLANG_WARN_OBJC_ROOT_CLASS = YES_ERROR;
				CLANG_WARN_RANGE_LOOP_ANALYSIS = YES;
				CLANG_WARN_STRICT_PROTOTYPES = YES;
				CLANG_WARN_SUSPICIOUS_MOVE = YES;
				CLANG_WARN_UNGUARDED_AVAILABILITY = YES_AGGRESSIVE;
				CLANG_WARN_UNREACHABLE_CODE = YES;
				CLANG_WARN__DUPLICATE_METHOD_MATCH = YES;
				CODE_SIGN_IDENTITY = "-";
				COPY_PHASE_STRIP = NO;
				DEBUG_INFORMATION_FORMAT = dwarf;
				ENABLE_STRICT_OBJC_MSGSEND = YES;
				ENABLE_TESTABILITY = YES;
				GCC_C_LANGUAGE_STANDARD = gnu11;
				GCC_DYNAMIC_NO_PIC = NO;
				GCC_NO_COMMON_BLOCKS = YES;
				GCC_OPTIMIZATION_LEVEL = 0;
				GCC_PREPROCESSOR_DEFINITIONS = (
					"DEBUG=1",
					"$(inherited)",
				);
				GCC_WARN_64_TO_32_BIT_CONVERSION = YES;
				GCC_WARN_ABOUT_RETURN_TYPE = YES_ERROR;
				GCC_WARN_UNDECLARED_SELECTOR = YES;
				GCC_WARN_UNINITIALIZED_AUTOS = YES_AGGRESSIVE;
				GCC_WARN_UNUSED_FUNCTION = YES;
				GCC_WARN_UNUSED_VARIABLE = YES;
				MACOSX_DEPLOYMENT_TARGET = 10.13;
				MTL_ENABLE_DEBUG_INFO = YES;
				ONLY_ACTIVE_ARCH = YES;
				SDKROOT = macosx;
			};
			name = Debug;
		};
		7F083E42212781BC003118EE /* Release */ = {
			isa = XCBuildConfiguration;
			buildSettings = {
				ALWAYS_SEARCH_USER_PATHS = NO;
				CLANG_ANALYZER_NONNULL = YES;
				CLANG_ANALYZER_NUMBER_OBJECT_CONVERSION = YES_AGGRESSIVE;
				CLANG_CXX_LANGUAGE_STANDARD = "gnu++14";
				CLANG_CXX_LIBRARY = "libc++";
				CLANG_ENABLE_MODULES = YES;
				CLANG_ENABLE_OBJC_ARC = YES;
				CLANG_ENABLE_OBJC_WEAK = YES;
				CLANG_WARN_BLOCK_CAPTURE_AUTORELEASING = YES;
				CLANG_WARN_BOOL_CONVERSION = YES;
				CLANG_WARN_COMMA = YES;
				CLANG_WARN_CONSTANT_CONVERSION = YES;
				CLANG_WARN_DEPRECATED_OBJC_IMPLEMENTATIONS = YES;
				CLANG_WARN_DIRECT_OBJC_ISA_USAGE = YES_ERROR;
				CLANG_WARN_DOCUMENTATION_COMMENTS = YES;
				CLANG_WARN_EMPTY_BODY = YES;
				CLANG_WARN_ENUM_CONVERSION = YES;
				CLANG_WARN_INFINITE_RECURSION = YES;
				CLANG_WARN_INT_CONVERSION = YES;
				CLANG_WARN_NON_LITERAL_NULL_CONVERSION = YES;
				CLANG_WARN_OBJC_IMPLICIT_RETAIN_SELF = YES;
				CLANG_WARN_OBJC_LITERAL_CONVERSION = YES;
				CLANG_WARN_OBJC_ROOT_CLASS = YES_ERROR;
				CLANG_WARN_RANGE_LOOP_ANALYSIS = YES;
				CLANG_WARN_STRICT_PROTOTYPES = YES;
				CLANG_WARN_SUSPICIOUS_MOVE = YES;
				CLANG_WARN_UNGUARDED_AVAILABILITY = YES_AGGRESSIVE;
				CLANG_WARN_UNREACHABLE_CODE = YES;
				CLANG_WARN__DUPLICATE_METHOD_MATCH = YES;
				CODE_SIGN_IDENTITY = "-";
				COPY_PHASE_STRIP = NO;
				DEBUG_INFORMATION_FORMAT = "dwarf-with-dsym";
				ENABLE_NS_ASSERTIONS = NO;
				ENABLE_STRICT_OBJC_MSGSEND = YES;
				GCC_C_LANGUAGE_STANDARD = gnu11;
				GCC_NO_COMMON_BLOCKS = YES;
				GCC_WARN_64_TO_32_BIT_CONVERSION = YES;
				GCC_WARN_ABOUT_RETURN_TYPE = YES_ERROR;
				GCC_WARN_UNDECLARED_SELECTOR = YES;
				GCC_WARN_UNINITIALIZED_AUTOS = YES_AGGRESSIVE;
				GCC_WARN_UNUSED_FUNCTION = YES;
				GCC_WARN_UNUSED_VARIABLE = YES;
				MACOSX_DEPLOYMENT_TARGET = 10.13;
				MTL_ENABLE_DEBUG_INFO = NO;
				SDKROOT = macosx;
			};
			name = Release;
		};
		7F083E44212781BC003118EE /* Debug */ = {
			isa = XCBuildConfiguration;
			buildSettings = {
				CODE_SIGN_STYLE = Automatic;
				PRODUCT_NAME = "$(TARGET_NAME)";
			};
			name = Debug;
		};
		7F083E45212781BC003118EE /* Release */ = {
			isa = XCBuildConfiguration;
			buildSettings = {
				CODE_SIGN_STYLE = Automatic;
				PRODUCT_NAME = "$(TARGET_NAME)";
			};
			name = Release;
		};
/* End XCBuildConfiguration section */

/* Begin XCConfigurationList section */
		7F083E37212781BC003118EE /* Build configuration list for PBXProject "ContactListManager" */ = {
			isa = XCConfigurationList;
			buildConfigurations = (
				7F083E41212781BC003118EE /* Debug */,
				7F083E42212781BC003118EE /* Release */,
			);
			defaultConfigurationIsVisible = 0;
			defaultConfigurationName = Release;
		};
		7F083E43212781BC003118EE /* Build configuration list for PBXNativeTarget "ContactListManager" */ = {
			isa = XCConfigurationList;
			buildConfigurations = (
				7F083E44212781BC003118EE /* Debug */,
				7F083E45212781BC003118EE /* Release */,
			);
			defaultConfigurationIsVisible = 0;
			defaultConfigurationName = Release;
		};
/* End XCConfigurationList section */
	};
	rootObject = 7F083E34212781BC003118EE /* Project object */;
}
